{"version":4,"terraform_version":"1.10.2","serial":82,"lineage":"4395e954-09fe-cc84-d1e5-32735984cabd","outputs":{"alb_dns_name":{"value":"floragest-alb-1445168795.sa-east-1.elb.amazonaws.com","type":"string"},"app_secret_arn":{"value":"arn:aws:secretsmanager:sa-east-1:965134913902:secret:floragest/db/app-sa-east-1-JVRUrS","type":"string"},"backend_api_url":{"value":"https://api.floragest.liander.dev","type":"string"},"ecr_repository_url":{"value":"965134913902.dkr.ecr.sa-east-1.amazonaws.com/floragest-backend","type":"string"},"ecs_cluster_name":{"value":"floragest-cluster","type":"string"},"ecs_service_name":{"value":"floragest-backend-service","type":"string"},"frontend_alb_dns_name":{"value":"floragest-frontend-alb-1590008570.sa-east-1.elb.amazonaws.com","type":"string"},"frontend_ecr_repository_url":{"value":"965134913902.dkr.ecr.sa-east-1.amazonaws.com/floragest-frontend","type":"string"},"frontend_ecs_service_name":{"value":"floragest-frontend-service","type":"string"},"frontend_url":{"value":"https://floragest.liander.dev","type":"string"},"master_secret_arn":{"value":"arn:aws:secretsmanager:sa-east-1:965134913902:secret:floragest/db/master-sa-east-1-pt7asd","type":"string"},"rds_endpoint":{"value":"floragest-postgres.cg0xm64hbsqi.sa-east-1.rds.amazonaws.com","type":"string"},"rds_port":{"value":5432,"type":"number"},"vpc_id":{"value":"vpc-0ff50e79be3615799","type":"string"}},"resources":[{"mode":"data","type":"aws_availability_zones","name":"available","provider":"provider[\"registry.opentofu.org/hashicorp/aws\"]","instances":[{"schema_version":0,"attributes":{"all_availability_zones":null,"exclude_names":null,"exclude_zone_ids":null,"filter":null,"group_names":["sa-east-1-zg-1"],"id":"sa-east-1","names":["sa-east-1a","sa-east-1b","sa-east-1c"],"state":"available","timeouts":null,"zone_ids":["sae1-az1","sae1-az2","sae1-az3"]},"sensitive_attributes":[]}]},{"mode":"data","type":"cloudflare_zone","name":"domain","provider":"provider[\"registry.opentofu.org/cloudflare/cloudflare\"]","instances":[{"schema_version":0,"attributes":{"account_id":"b31952f0e322f79070abb0aa2f04b229","id":"3bc45b15e27984c61cbb4ee52249e124","name":"liander.dev","name_servers":["sharon.ns.cloudflare.com","vin.ns.cloudflare.com"],"paused":false,"plan":"Free Website","status":"active","vanity_name_servers":[],"zone_id":"3bc45b15e27984c61cbb4ee52249e124"},"sensitive_attributes":[]}]},{"mode":"managed","type":"aws_acm_certificate","name":"cert","provider":"provider[\"registry.opentofu.org/hashicorp/aws\"]","instances":[{"schema_version":0,"attributes":{"arn":"arn:aws:acm:sa-east-1:965134913902:certificate/8d45017e-4336-4bc6-8505-2f9e6152e84c","certificate_authority_arn":"","certificate_body":null,"certificate_chain":null,"domain_name":"api.floragest.liander.dev","domain_validation_options":[{"domain_name":"api.floragest.liander.dev","resource_record_name":"_a3a6d7743233bdd72d6fc81a1f416337.api.floragest.liander.dev.","resource_record_type":"CNAME","resource_record_value":"_53f3b1adee9c6eb0040271e66e825792.xlfgrmvvlj.acm-validations.aws."}],"early_renewal_duration":"","id":"arn:aws:acm:sa-east-1:965134913902:certificate/8d45017e-4336-4bc6-8505-2f9e6152e84c","key_algorithm":"RSA_2048","not_after":"2026-08-11T23:59:59Z","not_before":"2025-07-13T00:00:00Z","options":[{"certificate_transparency_logging_preference":"ENABLED"}],"pending_renewal":false,"private_key":null,"renewal_eligibility":"ELIGIBLE","renewal_summary":[],"status":"ISSUED","subject_alternative_names":["api.floragest.liander.dev"],"tags":{"Name":"floragest-cert"},"tags_all":{"Name":"floragest-cert"},"type":"AMAZON_ISSUED","validation_emails":[],"validation_method":"DNS","validation_option":[]},"sensitive_attributes":[[{"type":"get_attr","value":"private_key"}]],"private":"bnVsbA==","create_before_destroy":true}]},{"mode":"managed","type":"aws_acm_certificate","name":"frontend_cert","provider":"provider[\"registry.opentofu.org/hashicorp/aws\"]","instances":[{"schema_version":0,"attributes":{"arn":"arn:aws:acm:sa-east-1:965134913902:certificate/a46c1520-a56d-44af-8a27-2880f67ea753","certificate_authority_arn":"","certificate_body":null,"certificate_chain":null,"domain_name":"floragest.liander.dev","domain_validation_options":[{"domain_name":"floragest.liander.dev","resource_record_name":"_f8e2b29c41f1fd25c063859a6ab667bd.floragest.liander.dev.","resource_record_type":"CNAME","resource_record_value":"_d33854c2c869c52953864c7beb72fe46.xlfgrmvvlj.acm-validations.aws."}],"early_renewal_duration":"","id":"arn:aws:acm:sa-east-1:965134913902:certificate/a46c1520-a56d-44af-8a27-2880f67ea753","key_algorithm":"RSA_2048","not_after":"","not_before":"","options":[{"certificate_transparency_logging_preference":"ENABLED"}],"pending_renewal":false,"private_key":null,"renewal_eligibility":"INELIGIBLE","renewal_summary":[],"status":"PENDING_VALIDATION","subject_alternative_names":["floragest.liander.dev"],"tags":{"Name":"floragest-frontend-cert"},"tags_all":{"Name":"floragest-frontend-cert"},"type":"AMAZON_ISSUED","validation_emails":[],"validation_method":"DNS","validation_option":[]},"sensitive_attributes":[[{"type":"get_attr","value":"private_key"}]],"private":"bnVsbA==","create_before_destroy":true}]},{"mode":"managed","type":"aws_acm_certificate_validation","name":"cert_validation","provider":"provider[\"registry.opentofu.org/hashicorp/aws\"]","instances":[{"schema_version":0,"attributes":{"certificate_arn":"arn:aws:acm:sa-east-1:965134913902:certificate/8d45017e-4336-4bc6-8505-2f9e6152e84c","id":"2025-07-13 23:48:03.966 +0000 UTC","timeouts":null,"validation_record_fqdns":["_a3a6d7743233bdd72d6fc81a1f416337.api.floragest.liander.dev"]},"sensitive_attributes":[],"private":"eyJlMmJmYjczMC1lY2FhLTExZTYtOGY4OC0zNDM2M2JjN2M0YzAiOnsiY3JlYXRlIjo0NTAwMDAwMDAwMDAwfX0=","dependencies":["aws_acm_certificate.cert","cloudflare_record.cert_validation_record","data.cloudflare_zone.domain"]}]},{"mode":"managed","type":"aws_acm_certificate_validation","name":"frontend_cert_validation","provider":"provider[\"registry.opentofu.org/hashicorp/aws\"]","instances":[{"schema_version":0,"attributes":{"certificate_arn":"arn:aws:acm:sa-east-1:965134913902:certificate/a46c1520-a56d-44af-8a27-2880f67ea753","id":"0001-01-01 00:00:00 +0000 UTC","timeouts":null,"validation_record_fqdns":["_f8e2b29c41f1fd25c063859a6ab667bd.floragest.liander.dev"]},"sensitive_attributes":[],"private":"eyJlMmJmYjczMC1lY2FhLTExZTYtOGY4OC0zNDM2M2JjN2M0YzAiOnsiY3JlYXRlIjo0NTAwMDAwMDAwMDAwfX0=","dependencies":["aws_acm_certificate.frontend_cert","cloudflare_record.frontend_cert_validation_record","data.cloudflare_zone.domain"]}]},{"mode":"managed","type":"aws_cloudwatch_log_group","name":"ecs_logs","provider":"provider[\"registry.opentofu.org/hashicorp/aws\"]","instances":[{"schema_version":0,"attributes":{"arn":"arn:aws:logs:sa-east-1:965134913902:log-group:/ecs/floragest-backend","id":"/ecs/floragest-backend","kms_key_id":"","log_group_class":"STANDARD","name":"/ecs/floragest-backend","name_prefix":"","retention_in_days":7,"skip_destroy":false,"tags":{"Name":"floragest-ecs-logs"},"tags_all":{"Name":"floragest-ecs-logs"}},"sensitive_attributes":[],"private":"bnVsbA=="}]},{"mode":"managed","type":"aws_cloudwatch_log_group","name":"frontend_ecs_logs","provider":"provider[\"registry.opentofu.org/hashicorp/aws\"]","instances":[{"schema_version":0,"attributes":{"arn":"arn:aws:logs:sa-east-1:965134913902:log-group:/ecs/floragest-frontend","id":"/ecs/floragest-frontend","kms_key_id":"","log_group_class":"STANDARD","name":"/ecs/floragest-frontend","name_prefix":"","retention_in_days":7,"skip_destroy":false,"tags":{"Name":"floragest-frontend-ecs-logs"},"tags_all":{"Name":"floragest-frontend-ecs-logs"}},"sensitive_attributes":[],"private":"bnVsbA=="}]},{"mode":"managed","type":"aws_db_instance","name":"floragest_postgres","provider":"provider[\"registry.opentofu.org/hashicorp/aws\"]","instances":[{"schema_version":2,"attributes":{"address":"floragest-postgres.cg0xm64hbsqi.sa-east-1.rds.amazonaws.com","allocated_storage":20,"allow_major_version_upgrade":null,"apply_immediately":false,"arn":"arn:aws:rds:sa-east-1:965134913902:db:floragest-postgres","auto_minor_version_upgrade":true,"availability_zone":"sa-east-1a","backup_retention_period":7,"backup_target":"region","backup_window":"03:00-04:00","blue_green_update":[],"ca_cert_identifier":"rds-ca-rsa2048-g1","character_set_name":"","copy_tags_to_snapshot":false,"custom_iam_instance_profile":"","customer_owned_ip_enabled":false,"database_insights_mode":"standard","db_name":"floragest","db_subnet_group_name":"floragest-db-subnet-group","dedicated_log_volume":false,"delete_automated_backups":true,"deletion_protection":false,"domain":"","domain_auth_secret_arn":"","domain_dns_ips":[],"domain_fqdn":"","domain_iam_role_name":"","domain_ou":"","enabled_cloudwatch_logs_exports":[],"endpoint":"floragest-postgres.cg0xm64hbsqi.sa-east-1.rds.amazonaws.com:5432","engine":"postgres","engine_lifecycle_support":"open-source-rds-extended-support","engine_version":"16.8","engine_version_actual":"16.8","final_snapshot_identifier":null,"hosted_zone_id":"ZLRUIUX7Z3ZF7","iam_database_authentication_enabled":false,"id":"db-ARZQLO3OGFUOD2LLFNVPGWBVOE","identifier":"floragest-postgres","identifier_prefix":"","instance_class":"db.t3.micro","iops":3000,"kms_key_id":"arn:aws:kms:sa-east-1:965134913902:key/7e44939b-3f37-43df-84ff-163a05372f8d","latest_restorable_time":"2025-07-14T03:29:36Z","license_model":"postgresql-license","listener_endpoint":[],"maintenance_window":"sun:04:00-sun:05:00","manage_master_user_password":null,"master_user_secret":[],"master_user_secret_kms_key_id":null,"max_allocated_storage":30,"monitoring_interval":0,"monitoring_role_arn":"","multi_az":false,"nchar_character_set_name":"","network_type":"IPV4","option_group_name":"default:postgres-16","parameter_group_name":"default.postgres16","password":"YPNtei\u003ce]g#x(2Xs","password_wo":null,"password_wo_version":null,"performance_insights_enabled":false,"performance_insights_kms_key_id":"","performance_insights_retention_period":0,"port":5432,"publicly_accessible":true,"replica_mode":"","replicas":[],"replicate_source_db":"","resource_id":"db-ARZQLO3OGFUOD2LLFNVPGWBVOE","restore_to_point_in_time":[],"s3_import":[],"skip_final_snapshot":true,"snapshot_identifier":null,"status":"available","storage_encrypted":true,"storage_throughput":125,"storage_type":"gp3","tags":{"Name":"floragest-postgres","Region":"sa-east-1"},"tags_all":{"Name":"floragest-postgres","Region":"sa-east-1"},"timeouts":null,"timezone":"","upgrade_storage_config":null,"username":"floragest_master","vpc_security_group_ids":["sg-0a001ebededc242a2"]},"sensitive_attributes":[[{"type":"get_attr","value":"password_wo"}],[{"type":"get_attr","value":"password"}]],"private":"eyJlMmJmYjczMC1lY2FhLTExZTYtOGY4OC0zNDM2M2JjN2M0YzAiOnsiY3JlYXRlIjozMDAwMDAwMDAwMDAwLCJkZWxldGUiOjM2MDAwMDAwMDAwMDAsInVwZGF0ZSI6NDgwMDAwMDAwMDAwMH0sInNjaGVtYV92ZXJzaW9uIjoiMiJ9","dependencies":["aws_db_subnet_group.floragest_db_subnet_group","aws_security_group.floragest_rds_sg","aws_subnet.floragest_subnet_1","aws_subnet.floragest_subnet_2","aws_vpc.floragest_vpc","data.aws_availability_zones.available","random_password.master_password"]}]},{"mode":"managed","type":"aws_db_subnet_group","name":"floragest_db_subnet_group","provider":"provider[\"registry.opentofu.org/hashicorp/aws\"]","instances":[{"schema_version":0,"attributes":{"arn":"arn:aws:rds:sa-east-1:965134913902:subgrp:floragest-db-subnet-group","description":"Managed by Terraform","id":"floragest-db-subnet-group","name":"floragest-db-subnet-group","name_prefix":"","subnet_ids":["subnet-030a1ed1da0e20b75","subnet-080aa9b97edc62e3f"],"supported_network_types":["IPV4"],"tags":{"Name":"floragest-db-subnet-group"},"tags_all":{"Name":"floragest-db-subnet-group"},"vpc_id":"vpc-0ff50e79be3615799"},"sensitive_attributes":[],"private":"bnVsbA==","dependencies":["aws_subnet.floragest_subnet_1","aws_subnet.floragest_subnet_2","aws_vpc.floragest_vpc","data.aws_availability_zones.available"]}]},{"mode":"managed","type":"aws_ecr_lifecycle_policy","name":"floragest_backend_policy","provider":"provider[\"registry.opentofu.org/hashicorp/aws\"]","instances":[{"schema_version":0,"attributes":{"id":"floragest-backend","policy":"{\"rules\":[{\"action\":{\"type\":\"expire\"},\"description\":\"Keep last 10 production images\",\"rulePriority\":1,\"selection\":{\"countNumber\":10,\"countType\":\"imageCountMoreThan\",\"tagPrefixList\":[\"v\",\"prod\"],\"tagStatus\":\"tagged\"}},{\"action\":{\"type\":\"expire\"},\"description\":\"Keep last 5 development images\",\"rulePriority\":2,\"selection\":{\"countNumber\":5,\"countType\":\"imageCountMoreThan\",\"tagPrefixList\":[\"dev\",\"latest\"],\"tagStatus\":\"tagged\"}},{\"action\":{\"type\":\"expire\"},\"description\":\"Delete untagged images older than 1 day\",\"rulePriority\":3,\"selection\":{\"countNumber\":1,\"countType\":\"sinceImagePushed\",\"countUnit\":\"days\",\"tagStatus\":\"untagged\"}}]}","registry_id":"965134913902","repository":"floragest-backend"},"sensitive_attributes":[],"private":"bnVsbA==","dependencies":["aws_ecr_repository.floragest_backend"]}]},{"mode":"managed","type":"aws_ecr_lifecycle_policy","name":"floragest_frontend_policy","provider":"provider[\"registry.opentofu.org/hashicorp/aws\"]","instances":[{"schema_version":0,"attributes":{"id":"floragest-frontend","policy":"{\"rules\":[{\"action\":{\"type\":\"expire\"},\"description\":\"Keep last 10 production images\",\"rulePriority\":1,\"selection\":{\"countNumber\":10,\"countType\":\"imageCountMoreThan\",\"tagPrefixList\":[\"v\",\"prod\"],\"tagStatus\":\"tagged\"}},{\"action\":{\"type\":\"expire\"},\"description\":\"Keep last 5 development images\",\"rulePriority\":2,\"selection\":{\"countNumber\":5,\"countType\":\"imageCountMoreThan\",\"tagPrefixList\":[\"dev\",\"latest\"],\"tagStatus\":\"tagged\"}},{\"action\":{\"type\":\"expire\"},\"description\":\"Delete untagged images older than 1 day\",\"rulePriority\":3,\"selection\":{\"countNumber\":1,\"countType\":\"sinceImagePushed\",\"countUnit\":\"days\",\"tagStatus\":\"untagged\"}}]}","registry_id":"965134913902","repository":"floragest-frontend"},"sensitive_attributes":[],"private":"bnVsbA==","dependencies":["aws_ecr_repository.floragest_frontend"]}]},{"mode":"managed","type":"aws_ecr_repository","name":"floragest_backend","provider":"provider[\"registry.opentofu.org/hashicorp/aws\"]","instances":[{"schema_version":0,"attributes":{"arn":"arn:aws:ecr:sa-east-1:965134913902:repository/floragest-backend","encryption_configuration":[{"encryption_type":"AES256","kms_key":""}],"force_delete":null,"id":"floragest-backend","image_scanning_configuration":[{"scan_on_push":true}],"image_tag_mutability":"MUTABLE","name":"floragest-backend","registry_id":"965134913902","repository_url":"965134913902.dkr.ecr.sa-east-1.amazonaws.com/floragest-backend","tags":{"Name":"floragest-backend","Type":"Container-Registry"},"tags_all":{"Name":"floragest-backend","Type":"Container-Registry"},"timeouts":null},"sensitive_attributes":[],"private":"eyJlMmJmYjczMC1lY2FhLTExZTYtOGY4OC0zNDM2M2JjN2M0YzAiOnsiZGVsZXRlIjoxMjAwMDAwMDAwMDAwfX0="}]},{"mode":"managed","type":"aws_ecr_repository","name":"floragest_frontend","provider":"provider[\"registry.opentofu.org/hashicorp/aws\"]","instances":[{"schema_version":0,"attributes":{"arn":"arn:aws:ecr:sa-east-1:965134913902:repository/floragest-frontend","encryption_configuration":[{"encryption_type":"AES256","kms_key":""}],"force_delete":null,"id":"floragest-frontend","image_scanning_configuration":[{"scan_on_push":true}],"image_tag_mutability":"MUTABLE","name":"floragest-frontend","registry_id":"965134913902","repository_url":"965134913902.dkr.ecr.sa-east-1.amazonaws.com/floragest-frontend","tags":{"Name":"floragest-frontend","Type":"Container-Registry"},"tags_all":{"Name":"floragest-frontend","Type":"Container-Registry"},"timeouts":null},"sensitive_attributes":[],"private":"eyJlMmJmYjczMC1lY2FhLTExZTYtOGY4OC0zNDM2M2JjN2M0YzAiOnsiZGVsZXRlIjoxMjAwMDAwMDAwMDAwfX0="}]},{"mode":"managed","type":"aws_ecs_cluster","name":"floragest_cluster","provider":"provider[\"registry.opentofu.org/hashicorp/aws\"]","instances":[{"schema_version":0,"attributes":{"arn":"arn:aws:ecs:sa-east-1:965134913902:cluster/floragest-cluster","configuration":[{"execute_command_configuration":[{"kms_key_id":"","log_configuration":[{"cloud_watch_encryption_enabled":false,"cloud_watch_log_group_name":"/ecs/floragest-backend","s3_bucket_encryption_enabled":false,"s3_bucket_name":"","s3_key_prefix":""}],"logging":"OVERRIDE"}],"managed_storage_configuration":[]}],"id":"arn:aws:ecs:sa-east-1:965134913902:cluster/floragest-cluster","name":"floragest-cluster","service_connect_defaults":[],"setting":[{"name":"containerInsights","value":"disabled"}],"tags":{"Name":"floragest-cluster"},"tags_all":{"Name":"floragest-cluster"}},"sensitive_attributes":[],"private":"bnVsbA==","dependencies":["aws_cloudwatch_log_group.ecs_logs"]}]},{"mode":"managed","type":"aws_ecs_service","name":"floragest_backend","provider":"provider[\"registry.opentofu.org/hashicorp/aws\"]","instances":[{"schema_version":1,"attributes":{"alarms":[],"availability_zone_rebalancing":"DISABLED","capacity_provider_strategy":[],"cluster":"arn:aws:ecs:sa-east-1:965134913902:cluster/floragest-cluster","deployment_circuit_breaker":[{"enable":false,"rollback":false}],"deployment_controller":[{"type":"ECS"}],"deployment_maximum_percent":200,"deployment_minimum_healthy_percent":100,"desired_count":1,"enable_ecs_managed_tags":false,"enable_execute_command":false,"force_delete":null,"force_new_deployment":null,"health_check_grace_period_seconds":0,"iam_role":"/aws-service-role/ecs.amazonaws.com/AWSServiceRoleForECS","id":"arn:aws:ecs:sa-east-1:965134913902:service/floragest-cluster/floragest-backend-service","launch_type":"FARGATE","load_balancer":[{"container_name":"floragest-backend","container_port":8000,"elb_name":"","target_group_arn":"arn:aws:elasticloadbalancing:sa-east-1:965134913902:targetgroup/floragest-tg/330b029ce1ce3746"}],"name":"floragest-backend-service","network_configuration":[{"assign_public_ip":true,"security_groups":["sg-0d51c4b344e60d768"],"subnets":["subnet-030a1ed1da0e20b75","subnet-080aa9b97edc62e3f"]}],"ordered_placement_strategy":[],"placement_constraints":[],"platform_version":"LATEST","propagate_tags":"NONE","scheduling_strategy":"REPLICA","service_connect_configuration":[],"service_registries":[],"tags":{"Name":"floragest-backend-service"},"tags_all":{"Name":"floragest-backend-service"},"task_definition":"arn:aws:ecs:sa-east-1:965134913902:task-definition/floragest-backend:7","timeouts":null,"triggers":{},"volume_configuration":[],"vpc_lattice_configurations":[],"wait_for_steady_state":false},"sensitive_attributes":[],"private":"eyJlMmJmYjczMC1lY2FhLTExZTYtOGY4OC0zNDM2M2JjN2M0YzAiOnsiY3JlYXRlIjoxMjAwMDAwMDAwMDAwLCJkZWxldGUiOjEyMDAwMDAwMDAwMDAsInVwZGF0ZSI6MTIwMDAwMDAwMDAwMH0sInNjaGVtYV92ZXJzaW9uIjoiMSJ9","dependencies":["aws_acm_certificate.cert","aws_acm_certificate_validation.cert_validation","aws_cloudwatch_log_group.ecs_logs","aws_ecs_cluster.floragest_cluster","aws_ecs_task_definition.floragest_backend","aws_iam_policy.floragest_secrets_policy","aws_iam_role.floragest_ecs_execution_role","aws_iam_role.floragest_ecs_task_role","aws_iam_role_policy_attachment.floragest_ecs_execution_policy","aws_iam_role_policy_attachment.floragest_secrets_execution_attach","aws_iam_role_policy_attachment.floragest_secrets_task_attach","aws_lb.floragest_alb","aws_lb_listener.https_listener","aws_lb_target_group.floragest_tg","aws_secretsmanager_secret.db_cred_app","aws_secretsmanager_secret.db_cred_master","aws_security_group.floragest_alb_sg","aws_security_group.floragest_ecs_sg","aws_subnet.floragest_subnet_1","aws_subnet.floragest_subnet_2","aws_vpc.floragest_vpc","cloudflare_record.cert_validation_record","data.aws_availability_zones.available","data.cloudflare_zone.domain"]}]},{"mode":"managed","type":"aws_ecs_service","name":"floragest_frontend","provider":"provider[\"registry.opentofu.org/hashicorp/aws\"]","instances":[{"schema_version":1,"attributes":{"alarms":[],"availability_zone_rebalancing":"DISABLED","capacity_provider_strategy":[],"cluster":"arn:aws:ecs:sa-east-1:965134913902:cluster/floragest-cluster","deployment_circuit_breaker":[{"enable":false,"rollback":false}],"deployment_controller":[{"type":"ECS"}],"deployment_maximum_percent":200,"deployment_minimum_healthy_percent":100,"desired_count":1,"enable_ecs_managed_tags":false,"enable_execute_command":false,"force_delete":null,"force_new_deployment":null,"health_check_grace_period_seconds":0,"iam_role":"/aws-service-role/ecs.amazonaws.com/AWSServiceRoleForECS","id":"arn:aws:ecs:sa-east-1:965134913902:service/floragest-cluster/floragest-frontend-service","launch_type":"FARGATE","load_balancer":[{"container_name":"floragest-frontend","container_port":80,"elb_name":"","target_group_arn":"arn:aws:elasticloadbalancing:sa-east-1:965134913902:targetgroup/floragest-frontend-tg/f13002a6d13ae2e2"}],"name":"floragest-frontend-service","network_configuration":[{"assign_public_ip":true,"security_groups":["sg-0dcc29ff8ec0c6a38"],"subnets":["subnet-030a1ed1da0e20b75","subnet-080aa9b97edc62e3f"]}],"ordered_placement_strategy":[],"placement_constraints":[],"platform_version":"LATEST","propagate_tags":"NONE","scheduling_strategy":"REPLICA","service_connect_configuration":[],"service_registries":[],"tags":{"Name":"floragest-frontend-service"},"tags_all":{"Name":"floragest-frontend-service"},"task_definition":"arn:aws:ecs:sa-east-1:965134913902:task-definition/floragest-frontend:1","timeouts":null,"triggers":{},"volume_configuration":[],"vpc_lattice_configurations":[],"wait_for_steady_state":false},"sensitive_attributes":[],"private":"eyJlMmJmYjczMC1lY2FhLTExZTYtOGY4OC0zNDM2M2JjN2M0YzAiOnsiY3JlYXRlIjoxMjAwMDAwMDAwMDAwLCJkZWxldGUiOjEyMDAwMDAwMDAwMDAsInVwZGF0ZSI6MTIwMDAwMDAwMDAwMH0sInNjaGVtYV92ZXJzaW9uIjoiMSJ9","dependencies":["aws_acm_certificate.frontend_cert","aws_acm_certificate_validation.frontend_cert_validation","aws_cloudwatch_log_group.ecs_logs","aws_cloudwatch_log_group.frontend_ecs_logs","aws_ecs_cluster.floragest_cluster","aws_ecs_task_definition.floragest_frontend","aws_iam_role.floragest_ecs_execution_role","aws_iam_role.floragest_ecs_task_role","aws_iam_role_policy_attachment.floragest_ecs_execution_policy","aws_lb.floragest_frontend_alb","aws_lb_listener.frontend_https_listener","aws_lb_target_group.floragest_frontend_tg","aws_security_group.floragest_frontend_alb_sg","aws_security_group.floragest_frontend_ecs_sg","aws_subnet.floragest_subnet_1","aws_subnet.floragest_subnet_2","aws_vpc.floragest_vpc","cloudflare_record.frontend_cert_validation_record","data.aws_availability_zones.available","data.cloudflare_zone.domain"]}]},{"mode":"managed","type":"aws_ecs_task_definition","name":"floragest_backend","provider":"provider[\"registry.opentofu.org/hashicorp/aws\"]","instances":[{"schema_version":1,"attributes":{"arn":"arn:aws:ecs:sa-east-1:965134913902:task-definition/floragest-backend:7","arn_without_revision":"arn:aws:ecs:sa-east-1:965134913902:task-definition/floragest-backend","container_definitions":"[{\"environment\":[{\"name\":\"AWS_REGION\",\"value\":\"sa-east-1\"},{\"name\":\"DB_PORT\",\"value\":\"5432\"},{\"name\":\"DB_SCHEMA\",\"value\":\"app\"},{\"name\":\"DB_VENDOR\",\"value\":\"POSTGRES\"},{\"name\":\"DEBUG\",\"value\":\"True\"},{\"name\":\"DISABLE_EXISTING_LOGGERS\",\"value\":\"False\"},{\"name\":\"ENVIRONMENT\",\"value\":\"DEV\"},{\"name\":\"LOG_BACKUP_COUNT\",\"value\":\"5\"},{\"name\":\"LOG_DIR\",\"value\":\"/tmp/logs\"},{\"name\":\"LOG_FILE\",\"value\":\"app.log\"},{\"name\":\"LOG_MAX_BYTES\",\"value\":\"10000000\"},{\"name\":\"TESTING\",\"value\":\"False\"}],\"essential\":true,\"healthCheck\":{\"command\":[\"CMD-SHELL\",\"curl -f http://localhost:8000/docs || exit 1\"],\"interval\":30,\"retries\":3,\"startPeriod\":60,\"timeout\":5},\"image\":\"965134913902.dkr.ecr.sa-east-1.amazonaws.com/floragest-backend:latest\",\"logConfiguration\":{\"logDriver\":\"awslogs\",\"options\":{\"awslogs-group\":\"/ecs/floragest-backend\",\"awslogs-region\":\"sa-east-1\",\"awslogs-stream-prefix\":\"ecs\"}},\"mountPoints\":[],\"name\":\"floragest-backend\",\"portMappings\":[{\"containerPort\":8000,\"hostPort\":8000,\"protocol\":\"tcp\"}],\"secrets\":[{\"name\":\"DB_HOST\",\"valueFrom\":\"arn:aws:secretsmanager:sa-east-1:965134913902:secret:floragest/db/master-sa-east-1-pt7asd:endpoint::\"},{\"name\":\"DB_NAME\",\"valueFrom\":\"arn:aws:secretsmanager:sa-east-1:965134913902:secret:floragest/db/master-sa-east-1-pt7asd:dbname::\"},{\"name\":\"DB_PASS\",\"valueFrom\":\"arn:aws:secretsmanager:sa-east-1:965134913902:secret:floragest/db/master-sa-east-1-pt7asd:password::\"},{\"name\":\"DB_USER\",\"valueFrom\":\"arn:aws:secretsmanager:sa-east-1:965134913902:secret:floragest/db/master-sa-east-1-pt7asd:username::\"}],\"systemControls\":[],\"volumesFrom\":[]}]","cpu":"256","enable_fault_injection":false,"ephemeral_storage":[],"execution_role_arn":"arn:aws:iam::965134913902:role/floragest-ecs-execution-role","family":"floragest-backend","id":"floragest-backend","inference_accelerator":[],"ipc_mode":"","memory":"512","network_mode":"awsvpc","pid_mode":"","placement_constraints":[],"proxy_configuration":[],"requires_compatibilities":["FARGATE"],"revision":7,"runtime_platform":[],"skip_destroy":false,"tags":{"Name":"floragest-backend-task"},"tags_all":{"Name":"floragest-backend-task"},"task_role_arn":"arn:aws:iam::965134913902:role/floragest-ecs-task-role","track_latest":false,"volume":[]},"sensitive_attributes":[],"private":"eyJzY2hlbWFfdmVyc2lvbiI6IjEifQ==","dependencies":["aws_cloudwatch_log_group.ecs_logs","aws_iam_policy.floragest_secrets_policy","aws_iam_role.floragest_ecs_execution_role","aws_iam_role.floragest_ecs_task_role","aws_iam_role_policy_attachment.floragest_ecs_execution_policy","aws_iam_role_policy_attachment.floragest_secrets_execution_attach","aws_iam_role_policy_attachment.floragest_secrets_task_attach","aws_secretsmanager_secret.db_cred_app","aws_secretsmanager_secret.db_cred_master"]}]},{"mode":"managed","type":"aws_ecs_task_definition","name":"floragest_frontend","provider":"provider[\"registry.opentofu.org/hashicorp/aws\"]","instances":[{"schema_version":1,"attributes":{"arn":"arn:aws:ecs:sa-east-1:965134913902:task-definition/floragest-frontend:1","arn_without_revision":"arn:aws:ecs:sa-east-1:965134913902:task-definition/floragest-frontend","container_definitions":"[{\"environment\":[{\"name\":\"BACKEND_URL\",\"value\":\"https://api.floragest.liander.dev\"}],\"essential\":true,\"healthCheck\":{\"command\":[\"CMD-SHELL\",\"curl -f http://localhost:80/ || exit 1\"],\"interval\":30,\"retries\":3,\"startPeriod\":60,\"timeout\":5},\"image\":\"965134913902.dkr.ecr.sa-east-1.amazonaws.com/floragest-frontend:latest\",\"logConfiguration\":{\"logDriver\":\"awslogs\",\"options\":{\"awslogs-region\":\"sa-east-1\",\"awslogs-stream-prefix\":\"ecs\",\"awslogs-group\":\"/ecs/floragest-frontend\"}},\"mountPoints\":[],\"name\":\"floragest-frontend\",\"portMappings\":[{\"containerPort\":80,\"hostPort\":80,\"protocol\":\"tcp\"}],\"systemControls\":[],\"volumesFrom\":[]}]","cpu":"256","enable_fault_injection":false,"ephemeral_storage":[],"execution_role_arn":"arn:aws:iam::965134913902:role/floragest-ecs-execution-role","family":"floragest-frontend","id":"floragest-frontend","inference_accelerator":[],"ipc_mode":"","memory":"512","network_mode":"awsvpc","pid_mode":"","placement_constraints":[],"proxy_configuration":[],"requires_compatibilities":["FARGATE"],"revision":1,"runtime_platform":[],"skip_destroy":false,"tags":{"Name":"floragest-frontend-task"},"tags_all":{"Name":"floragest-frontend-task"},"task_role_arn":"arn:aws:iam::965134913902:role/floragest-ecs-task-role","track_latest":false,"volume":[]},"sensitive_attributes":[],"private":"eyJzY2hlbWFfdmVyc2lvbiI6IjEifQ==","dependencies":["aws_cloudwatch_log_group.frontend_ecs_logs","aws_iam_role.floragest_ecs_execution_role","aws_iam_role.floragest_ecs_task_role","aws_iam_role_policy_attachment.floragest_ecs_execution_policy"]}]},{"mode":"managed","type":"aws_iam_policy","name":"floragest_secrets_policy","provider":"provider[\"registry.opentofu.org/hashicorp/aws\"]","instances":[{"schema_version":0,"attributes":{"arn":"arn:aws:iam::965134913902:policy/floragest-secrets-policy","attachment_count":2,"description":"","id":"arn:aws:iam::965134913902:policy/floragest-secrets-policy","name":"floragest-secrets-policy","name_prefix":"","path":"/","policy":"{\"Statement\":[{\"Action\":[\"secretsmanager:GetSecretValue\",\"secretsmanager:DescribeSecret\"],\"Effect\":\"Allow\",\"Resource\":[\"arn:aws:secretsmanager:sa-east-1:965134913902:secret:floragest/db/app-sa-east-1-JVRUrS\",\"arn:aws:secretsmanager:sa-east-1:965134913902:secret:floragest/db/master-sa-east-1-pt7asd\"]}],\"Version\":\"2012-10-17\"}","policy_id":"ANPA6BNUGCFXG5ANPFC25","tags":{},"tags_all":{}},"sensitive_attributes":[],"private":"bnVsbA==","dependencies":["aws_secretsmanager_secret.db_cred_app","aws_secretsmanager_secret.db_cred_master"]}]},{"mode":"managed","type":"aws_iam_role","name":"floragest_ecs_execution_role","provider":"provider[\"registry.opentofu.org/hashicorp/aws\"]","instances":[{"schema_version":0,"attributes":{"arn":"arn:aws:iam::965134913902:role/floragest-ecs-execution-role","assume_role_policy":"{\"Statement\":[{\"Action\":\"sts:AssumeRole\",\"Effect\":\"Allow\",\"Principal\":{\"Service\":\"ecs-tasks.amazonaws.com\"}}],\"Version\":\"2012-10-17\"}","create_date":"2025-07-13T21:29:06Z","description":"","force_detach_policies":false,"id":"floragest-ecs-execution-role","inline_policy":[],"managed_policy_arns":["arn:aws:iam::965134913902:policy/floragest-secrets-policy","arn:aws:iam::aws:policy/service-role/AmazonECSTaskExecutionRolePolicy"],"max_session_duration":3600,"name":"floragest-ecs-execution-role","name_prefix":"","path":"/","permissions_boundary":"","tags":{"Name":"floragest-ecs-execution-role"},"tags_all":{"Name":"floragest-ecs-execution-role"},"unique_id":"AROA6BNUGCFXBCESZZDIV"},"sensitive_attributes":[],"private":"bnVsbA=="}]},{"mode":"managed","type":"aws_iam_role","name":"floragest_ecs_task_role","provider":"provider[\"registry.opentofu.org/hashicorp/aws\"]","instances":[{"schema_version":0,"attributes":{"arn":"arn:aws:iam::965134913902:role/floragest-ecs-task-role","assume_role_policy":"{\"Statement\":[{\"Action\":\"sts:AssumeRole\",\"Effect\":\"Allow\",\"Principal\":{\"Service\":\"ecs-tasks.amazonaws.com\"}}],\"Version\":\"2012-10-17\"}","create_date":"2025-07-13T21:29:06Z","description":"","force_detach_policies":false,"id":"floragest-ecs-task-role","inline_policy":[],"managed_policy_arns":["arn:aws:iam::965134913902:policy/floragest-secrets-policy"],"max_session_duration":3600,"name":"floragest-ecs-task-role","name_prefix":"","path":"/","permissions_boundary":"","tags":{"Name":"floragest-ecs-task-role"},"tags_all":{"Name":"floragest-ecs-task-role"},"unique_id":"AROA6BNUGCFXFS5DHPAF6"},"sensitive_attributes":[],"private":"bnVsbA=="}]},{"mode":"managed","type":"aws_iam_role_policy_attachment","name":"floragest_ecs_execution_policy","provider":"provider[\"registry.opentofu.org/hashicorp/aws\"]","instances":[{"schema_version":0,"attributes":{"id":"floragest-ecs-execution-role-20250713212907494400000003","policy_arn":"arn:aws:iam::aws:policy/service-role/AmazonECSTaskExecutionRolePolicy","role":"floragest-ecs-execution-role"},"sensitive_attributes":[],"private":"bnVsbA==","dependencies":["aws_iam_role.floragest_ecs_execution_role"]}]},{"mode":"managed","type":"aws_iam_role_policy_attachment","name":"floragest_secrets_execution_attach","provider":"provider[\"registry.opentofu.org/hashicorp/aws\"]","instances":[{"schema_version":0,"attributes":{"id":"floragest-ecs-execution-role-20250713212907474600000002","policy_arn":"arn:aws:iam::965134913902:policy/floragest-secrets-policy","role":"floragest-ecs-execution-role"},"sensitive_attributes":[],"private":"bnVsbA==","dependencies":["aws_iam_policy.floragest_secrets_policy","aws_iam_role.floragest_ecs_execution_role","aws_secretsmanager_secret.db_cred_app","aws_secretsmanager_secret.db_cred_master"]}]},{"mode":"managed","type":"aws_iam_role_policy_attachment","name":"floragest_secrets_task_attach","provider":"provider[\"registry.opentofu.org/hashicorp/aws\"]","instances":[{"schema_version":0,"attributes":{"id":"floragest-ecs-task-role-20250713212907512900000004","policy_arn":"arn:aws:iam::965134913902:policy/floragest-secrets-policy","role":"floragest-ecs-task-role"},"sensitive_attributes":[],"private":"bnVsbA==","dependencies":["aws_iam_policy.floragest_secrets_policy","aws_iam_role.floragest_ecs_task_role","aws_secretsmanager_secret.db_cred_app","aws_secretsmanager_secret.db_cred_master"]}]},{"mode":"managed","type":"aws_internet_gateway","name":"floragest_igw","provider":"provider[\"registry.opentofu.org/hashicorp/aws\"]","instances":[{"schema_version":0,"attributes":{"arn":"arn:aws:ec2:sa-east-1:965134913902:internet-gateway/igw-0fbb04cb0d3106751","id":"igw-0fbb04cb0d3106751","owner_id":"965134913902","tags":{"Name":"floragest-igw"},"tags_all":{"Name":"floragest-igw"},"timeouts":null,"vpc_id":"vpc-0ff50e79be3615799"},"sensitive_attributes":[],"private":"eyJlMmJmYjczMC1lY2FhLTExZTYtOGY4OC0zNDM2M2JjN2M0YzAiOnsiY3JlYXRlIjoxMjAwMDAwMDAwMDAwLCJkZWxldGUiOjEyMDAwMDAwMDAwMDAsInVwZGF0ZSI6MTIwMDAwMDAwMDAwMH19","dependencies":["aws_vpc.floragest_vpc"]}]},{"mode":"managed","type":"aws_lb","name":"floragest_alb","provider":"provider[\"registry.opentofu.org/hashicorp/aws\"]","instances":[{"schema_version":0,"attributes":{"access_logs":[{"bucket":"","enabled":false,"prefix":""}],"arn":"arn:aws:elasticloadbalancing:sa-east-1:965134913902:loadbalancer/app/floragest-alb/8e8e31eb887ddb1b","arn_suffix":"app/floragest-alb/8e8e31eb887ddb1b","client_keep_alive":3600,"connection_logs":[{"bucket":"","enabled":false,"prefix":""}],"customer_owned_ipv4_pool":"","desync_mitigation_mode":"defensive","dns_name":"floragest-alb-1445168795.sa-east-1.elb.amazonaws.com","dns_record_client_routing_policy":null,"drop_invalid_header_fields":false,"enable_cross_zone_load_balancing":true,"enable_deletion_protection":false,"enable_http2":true,"enable_tls_version_and_cipher_suite_headers":false,"enable_waf_fail_open":false,"enable_xff_client_port":false,"enable_zonal_shift":false,"enforce_security_group_inbound_rules_on_private_link_traffic":"","id":"arn:aws:elasticloadbalancing:sa-east-1:965134913902:loadbalancer/app/floragest-alb/8e8e31eb887ddb1b","idle_timeout":60,"internal":false,"ip_address_type":"ipv4","ipam_pools":[],"load_balancer_type":"application","minimum_load_balancer_capacity":[],"name":"floragest-alb","name_prefix":"","preserve_host_header":false,"security_groups":["sg-0e0fbc94e1bb28b6a"],"subnet_mapping":[{"allocation_id":"","ipv6_address":"","outpost_id":"","private_ipv4_address":"","subnet_id":"subnet-030a1ed1da0e20b75"},{"allocation_id":"","ipv6_address":"","outpost_id":"","private_ipv4_address":"","subnet_id":"subnet-080aa9b97edc62e3f"}],"subnets":["subnet-030a1ed1da0e20b75","subnet-080aa9b97edc62e3f"],"tags":{"Name":"floragest-alb"},"tags_all":{"Name":"floragest-alb"},"timeouts":null,"vpc_id":"vpc-0ff50e79be3615799","xff_header_processing_mode":"append","zone_id":"Z2P70J7HTTTPLU"},"sensitive_attributes":[],"private":"eyJlMmJmYjczMC1lY2FhLTExZTYtOGY4OC0zNDM2M2JjN2M0YzAiOnsiY3JlYXRlIjo2MDAwMDAwMDAwMDAsImRlbGV0ZSI6NjAwMDAwMDAwMDAwLCJ1cGRhdGUiOjYwMDAwMDAwMDAwMH19","dependencies":["aws_security_group.floragest_alb_sg","aws_subnet.floragest_subnet_1","aws_subnet.floragest_subnet_2","aws_vpc.floragest_vpc","data.aws_availability_zones.available"]}]},{"mode":"managed","type":"aws_lb","name":"floragest_frontend_alb","provider":"provider[\"registry.opentofu.org/hashicorp/aws\"]","instances":[{"schema_version":0,"attributes":{"access_logs":[{"bucket":"","enabled":false,"prefix":""}],"arn":"arn:aws:elasticloadbalancing:sa-east-1:965134913902:loadbalancer/app/floragest-frontend-alb/a2a79e74643843bd","arn_suffix":"app/floragest-frontend-alb/a2a79e74643843bd","client_keep_alive":3600,"connection_logs":[{"bucket":"","enabled":false,"prefix":""}],"customer_owned_ipv4_pool":"","desync_mitigation_mode":"defensive","dns_name":"floragest-frontend-alb-1590008570.sa-east-1.elb.amazonaws.com","dns_record_client_routing_policy":null,"drop_invalid_header_fields":false,"enable_cross_zone_load_balancing":true,"enable_deletion_protection":false,"enable_http2":true,"enable_tls_version_and_cipher_suite_headers":false,"enable_waf_fail_open":false,"enable_xff_client_port":false,"enable_zonal_shift":false,"enforce_security_group_inbound_rules_on_private_link_traffic":"","id":"arn:aws:elasticloadbalancing:sa-east-1:965134913902:loadbalancer/app/floragest-frontend-alb/a2a79e74643843bd","idle_timeout":60,"internal":false,"ip_address_type":"ipv4","ipam_pools":[],"load_balancer_type":"application","minimum_load_balancer_capacity":[],"name":"floragest-frontend-alb","name_prefix":"","preserve_host_header":false,"security_groups":["sg-0294675bd86d699af"],"subnet_mapping":[{"allocation_id":"","ipv6_address":"","outpost_id":"","private_ipv4_address":"","subnet_id":"subnet-030a1ed1da0e20b75"},{"allocation_id":"","ipv6_address":"","outpost_id":"","private_ipv4_address":"","subnet_id":"subnet-080aa9b97edc62e3f"}],"subnets":["subnet-030a1ed1da0e20b75","subnet-080aa9b97edc62e3f"],"tags":{"Name":"floragest-frontend-alb"},"tags_all":{"Name":"floragest-frontend-alb"},"timeouts":null,"vpc_id":"vpc-0ff50e79be3615799","xff_header_processing_mode":"append","zone_id":"Z2P70J7HTTTPLU"},"sensitive_attributes":[],"private":"eyJlMmJmYjczMC1lY2FhLTExZTYtOGY4OC0zNDM2M2JjN2M0YzAiOnsiY3JlYXRlIjo2MDAwMDAwMDAwMDAsImRlbGV0ZSI6NjAwMDAwMDAwMDAwLCJ1cGRhdGUiOjYwMDAwMDAwMDAwMH19","dependencies":["aws_security_group.floragest_frontend_alb_sg","aws_subnet.floragest_subnet_1","aws_subnet.floragest_subnet_2","aws_vpc.floragest_vpc","data.aws_availability_zones.available"]}]},{"mode":"managed","type":"aws_lb_listener","name":"frontend_http_listener","provider":"provider[\"registry.opentofu.org/hashicorp/aws\"]","instances":[{"schema_version":0,"attributes":{"alpn_policy":null,"arn":"arn:aws:elasticloadbalancing:sa-east-1:965134913902:listener/app/floragest-frontend-alb/a2a79e74643843bd/0dd24111b46afa9c","certificate_arn":null,"default_action":[{"authenticate_cognito":[],"authenticate_oidc":[],"fixed_response":[],"forward":[],"order":1,"redirect":[{"host":"#{host}","path":"/#{path}","port":"443","protocol":"HTTPS","query":"#{query}","status_code":"HTTP_301"}],"target_group_arn":"","type":"redirect"}],"id":"arn:aws:elasticloadbalancing:sa-east-1:965134913902:listener/app/floragest-frontend-alb/a2a79e74643843bd/0dd24111b46afa9c","load_balancer_arn":"arn:aws:elasticloadbalancing:sa-east-1:965134913902:loadbalancer/app/floragest-frontend-alb/a2a79e74643843bd","mutual_authentication":[],"port":80,"protocol":"HTTP","routing_http_request_x_amzn_mtls_clientcert_header_name":null,"routing_http_request_x_amzn_mtls_clientcert_issuer_header_name":null,"routing_http_request_x_amzn_mtls_clientcert_leaf_header_name":null,"routing_http_request_x_amzn_mtls_clientcert_serial_number_header_name":null,"routing_http_request_x_amzn_mtls_clientcert_subject_header_name":null,"routing_http_request_x_amzn_mtls_clientcert_validity_header_name":null,"routing_http_request_x_amzn_tls_cipher_suite_header_name":null,"routing_http_request_x_amzn_tls_version_header_name":null,"routing_http_response_access_control_allow_credentials_header_value":"","routing_http_response_access_control_allow_headers_header_value":"","routing_http_response_access_control_allow_methods_header_value":"","routing_http_response_access_control_allow_origin_header_value":"","routing_http_response_access_control_expose_headers_header_value":"","routing_http_response_access_control_max_age_header_value":"","routing_http_response_content_security_policy_header_value":"","routing_http_response_server_enabled":true,"routing_http_response_strict_transport_security_header_value":"","routing_http_response_x_content_type_options_header_value":"","routing_http_response_x_frame_options_header_value":"","ssl_policy":"","tags":null,"tags_all":{},"tcp_idle_timeout_seconds":null,"timeouts":null},"sensitive_attributes":[],"private":"eyJlMmJmYjczMC1lY2FhLTExZTYtOGY4OC0zNDM2M2JjN2M0YzAiOnsiY3JlYXRlIjozMDAwMDAwMDAwMDAsInVwZGF0ZSI6MzAwMDAwMDAwMDAwfX0=","dependencies":["aws_lb.floragest_frontend_alb","aws_security_group.floragest_frontend_alb_sg","aws_subnet.floragest_subnet_1","aws_subnet.floragest_subnet_2","aws_vpc.floragest_vpc","data.aws_availability_zones.available"]}]},{"mode":"managed","type":"aws_lb_listener","name":"frontend_https_listener","provider":"provider[\"registry.opentofu.org/hashicorp/aws\"]","instances":[{"schema_version":0,"attributes":{"alpn_policy":null,"arn":"arn:aws:elasticloadbalancing:sa-east-1:965134913902:listener/app/floragest-frontend-alb/a2a79e74643843bd/5696db91fcd6db11","certificate_arn":"arn:aws:acm:sa-east-1:965134913902:certificate/a46c1520-a56d-44af-8a27-2880f67ea753","default_action":[{"authenticate_cognito":[],"authenticate_oidc":[],"fixed_response":[],"forward":[],"order":1,"redirect":[],"target_group_arn":"arn:aws:elasticloadbalancing:sa-east-1:965134913902:targetgroup/floragest-frontend-tg/f13002a6d13ae2e2","type":"forward"}],"id":"arn:aws:elasticloadbalancing:sa-east-1:965134913902:listener/app/floragest-frontend-alb/a2a79e74643843bd/5696db91fcd6db11","load_balancer_arn":"arn:aws:elasticloadbalancing:sa-east-1:965134913902:loadbalancer/app/floragest-frontend-alb/a2a79e74643843bd","mutual_authentication":[{"advertise_trust_store_ca_names":"","ignore_client_certificate_expiry":false,"mode":"off","trust_store_arn":""}],"port":443,"protocol":"HTTPS","routing_http_request_x_amzn_mtls_clientcert_header_name":"","routing_http_request_x_amzn_mtls_clientcert_issuer_header_name":"","routing_http_request_x_amzn_mtls_clientcert_leaf_header_name":"","routing_http_request_x_amzn_mtls_clientcert_serial_number_header_name":"","routing_http_request_x_amzn_mtls_clientcert_subject_header_name":"","routing_http_request_x_amzn_mtls_clientcert_validity_header_name":"","routing_http_request_x_amzn_tls_cipher_suite_header_name":"","routing_http_request_x_amzn_tls_version_header_name":"","routing_http_response_access_control_allow_credentials_header_value":"","routing_http_response_access_control_allow_headers_header_value":"","routing_http_response_access_control_allow_methods_header_value":"","routing_http_response_access_control_allow_origin_header_value":"","routing_http_response_access_control_expose_headers_header_value":"","routing_http_response_access_control_max_age_header_value":"","routing_http_response_content_security_policy_header_value":"","routing_http_response_server_enabled":true,"routing_http_response_strict_transport_security_header_value":"","routing_http_response_x_content_type_options_header_value":"","routing_http_response_x_frame_options_header_value":"","ssl_policy":"ELBSecurityPolicy-2016-08","tags":null,"tags_all":{},"tcp_idle_timeout_seconds":null,"timeouts":null},"sensitive_attributes":[],"private":"eyJlMmJmYjczMC1lY2FhLTExZTYtOGY4OC0zNDM2M2JjN2M0YzAiOnsiY3JlYXRlIjozMDAwMDAwMDAwMDAsInVwZGF0ZSI6MzAwMDAwMDAwMDAwfX0=","dependencies":["aws_acm_certificate.frontend_cert","aws_acm_certificate_validation.frontend_cert_validation","aws_lb.floragest_frontend_alb","aws_lb_target_group.floragest_frontend_tg","aws_security_group.floragest_frontend_alb_sg","aws_subnet.floragest_subnet_1","aws_subnet.floragest_subnet_2","aws_vpc.floragest_vpc","cloudflare_record.frontend_cert_validation_record","data.aws_availability_zones.available","data.cloudflare_zone.domain"]}]},{"mode":"managed","type":"aws_lb_listener","name":"http_listener","provider":"provider[\"registry.opentofu.org/hashicorp/aws\"]","instances":[{"schema_version":0,"attributes":{"alpn_policy":null,"arn":"arn:aws:elasticloadbalancing:sa-east-1:965134913902:listener/app/floragest-alb/8e8e31eb887ddb1b/b66558feb7329687","certificate_arn":null,"default_action":[{"authenticate_cognito":[],"authenticate_oidc":[],"fixed_response":[],"forward":[],"order":1,"redirect":[{"host":"#{host}","path":"/#{path}","port":"443","protocol":"HTTPS","query":"#{query}","status_code":"HTTP_301"}],"target_group_arn":"","type":"redirect"}],"id":"arn:aws:elasticloadbalancing:sa-east-1:965134913902:listener/app/floragest-alb/8e8e31eb887ddb1b/b66558feb7329687","load_balancer_arn":"arn:aws:elasticloadbalancing:sa-east-1:965134913902:loadbalancer/app/floragest-alb/8e8e31eb887ddb1b","mutual_authentication":[],"port":80,"protocol":"HTTP","routing_http_request_x_amzn_mtls_clientcert_header_name":null,"routing_http_request_x_amzn_mtls_clientcert_issuer_header_name":null,"routing_http_request_x_amzn_mtls_clientcert_leaf_header_name":null,"routing_http_request_x_amzn_mtls_clientcert_serial_number_header_name":null,"routing_http_request_x_amzn_mtls_clientcert_subject_header_name":null,"routing_http_request_x_amzn_mtls_clientcert_validity_header_name":null,"routing_http_request_x_amzn_tls_cipher_suite_header_name":null,"routing_http_request_x_amzn_tls_version_header_name":null,"routing_http_response_access_control_allow_credentials_header_value":"","routing_http_response_access_control_allow_headers_header_value":"","routing_http_response_access_control_allow_methods_header_value":"","routing_http_response_access_control_allow_origin_header_value":"","routing_http_response_access_control_expose_headers_header_value":"","routing_http_response_access_control_max_age_header_value":"","routing_http_response_content_security_policy_header_value":"","routing_http_response_server_enabled":true,"routing_http_response_strict_transport_security_header_value":"","routing_http_response_x_content_type_options_header_value":"","routing_http_response_x_frame_options_header_value":"","ssl_policy":"","tags":{},"tags_all":{},"tcp_idle_timeout_seconds":null,"timeouts":null},"sensitive_attributes":[],"private":"eyJlMmJmYjczMC1lY2FhLTExZTYtOGY4OC0zNDM2M2JjN2M0YzAiOnsiY3JlYXRlIjozMDAwMDAwMDAwMDAsInVwZGF0ZSI6MzAwMDAwMDAwMDAwfX0=","dependencies":["aws_lb.floragest_alb","aws_security_group.floragest_alb_sg","aws_subnet.floragest_subnet_1","aws_subnet.floragest_subnet_2","aws_vpc.floragest_vpc","data.aws_availability_zones.available"]}]},{"mode":"managed","type":"aws_lb_listener","name":"https_listener","provider":"provider[\"registry.opentofu.org/hashicorp/aws\"]","instances":[{"schema_version":0,"attributes":{"alpn_policy":null,"arn":"arn:aws:elasticloadbalancing:sa-east-1:965134913902:listener/app/floragest-alb/8e8e31eb887ddb1b/200ef3b969ccbbbb","certificate_arn":"arn:aws:acm:sa-east-1:965134913902:certificate/8d45017e-4336-4bc6-8505-2f9e6152e84c","default_action":[{"authenticate_cognito":[],"authenticate_oidc":[],"fixed_response":[],"forward":[],"order":1,"redirect":[],"target_group_arn":"arn:aws:elasticloadbalancing:sa-east-1:965134913902:targetgroup/floragest-tg/330b029ce1ce3746","type":"forward"}],"id":"arn:aws:elasticloadbalancing:sa-east-1:965134913902:listener/app/floragest-alb/8e8e31eb887ddb1b/200ef3b969ccbbbb","load_balancer_arn":"arn:aws:elasticloadbalancing:sa-east-1:965134913902:loadbalancer/app/floragest-alb/8e8e31eb887ddb1b","mutual_authentication":[{"advertise_trust_store_ca_names":"","ignore_client_certificate_expiry":false,"mode":"off","trust_store_arn":""}],"port":443,"protocol":"HTTPS","routing_http_request_x_amzn_mtls_clientcert_header_name":"","routing_http_request_x_amzn_mtls_clientcert_issuer_header_name":"","routing_http_request_x_amzn_mtls_clientcert_leaf_header_name":"","routing_http_request_x_amzn_mtls_clientcert_serial_number_header_name":"","routing_http_request_x_amzn_mtls_clientcert_subject_header_name":"","routing_http_request_x_amzn_mtls_clientcert_validity_header_name":"","routing_http_request_x_amzn_tls_cipher_suite_header_name":"","routing_http_request_x_amzn_tls_version_header_name":"","routing_http_response_access_control_allow_credentials_header_value":"","routing_http_response_access_control_allow_headers_header_value":"","routing_http_response_access_control_allow_methods_header_value":"","routing_http_response_access_control_allow_origin_header_value":"","routing_http_response_access_control_expose_headers_header_value":"","routing_http_response_access_control_max_age_header_value":"","routing_http_response_content_security_policy_header_value":"","routing_http_response_server_enabled":true,"routing_http_response_strict_transport_security_header_value":"","routing_http_response_x_content_type_options_header_value":"","routing_http_response_x_frame_options_header_value":"","ssl_policy":"ELBSecurityPolicy-2016-08","tags":{},"tags_all":{},"tcp_idle_timeout_seconds":null,"timeouts":null},"sensitive_attributes":[],"private":"eyJlMmJmYjczMC1lY2FhLTExZTYtOGY4OC0zNDM2M2JjN2M0YzAiOnsiY3JlYXRlIjozMDAwMDAwMDAwMDAsInVwZGF0ZSI6MzAwMDAwMDAwMDAwfX0=","dependencies":["aws_acm_certificate.cert","aws_acm_certificate_validation.cert_validation","aws_lb.floragest_alb","aws_lb_target_group.floragest_tg","aws_security_group.floragest_alb_sg","aws_subnet.floragest_subnet_1","aws_subnet.floragest_subnet_2","aws_vpc.floragest_vpc","cloudflare_record.cert_validation_record","data.aws_availability_zones.available","data.cloudflare_zone.domain"]}]},{"mode":"managed","type":"aws_lb_target_group","name":"floragest_frontend_tg","provider":"provider[\"registry.opentofu.org/hashicorp/aws\"]","instances":[{"schema_version":0,"attributes":{"arn":"arn:aws:elasticloadbalancing:sa-east-1:965134913902:targetgroup/floragest-frontend-tg/f13002a6d13ae2e2","arn_suffix":"targetgroup/floragest-frontend-tg/f13002a6d13ae2e2","connection_termination":null,"deregistration_delay":"300","health_check":[{"enabled":true,"healthy_threshold":2,"interval":30,"matcher":"200","path":"/","port":"traffic-port","protocol":"HTTP","timeout":5,"unhealthy_threshold":2}],"id":"arn:aws:elasticloadbalancing:sa-east-1:965134913902:targetgroup/floragest-frontend-tg/f13002a6d13ae2e2","ip_address_type":"ipv4","lambda_multi_value_headers_enabled":false,"load_balancer_arns":[],"load_balancing_algorithm_type":"round_robin","load_balancing_anomaly_mitigation":"off","load_balancing_cross_zone_enabled":"use_load_balancer_configuration","name":"floragest-frontend-tg","name_prefix":"","port":80,"preserve_client_ip":null,"protocol":"HTTP","protocol_version":"HTTP1","proxy_protocol_v2":false,"slow_start":0,"stickiness":[{"cookie_duration":86400,"cookie_name":"","enabled":false,"type":"lb_cookie"}],"tags":{"Name":"floragest-frontend-tg"},"tags_all":{"Name":"floragest-frontend-tg"},"target_failover":[{"on_deregistration":null,"on_unhealthy":null}],"target_group_health":[{"dns_failover":[{"minimum_healthy_targets_count":"1","minimum_healthy_targets_percentage":"off"}],"unhealthy_state_routing":[{"minimum_healthy_targets_count":1,"minimum_healthy_targets_percentage":"off"}]}],"target_health_state":[{"enable_unhealthy_connection_termination":null,"unhealthy_draining_interval":null}],"target_type":"ip","vpc_id":"vpc-0ff50e79be3615799"},"sensitive_attributes":[],"private":"bnVsbA==","dependencies":["aws_vpc.floragest_vpc"]}]},{"mode":"managed","type":"aws_lb_target_group","name":"floragest_tg","provider":"provider[\"registry.opentofu.org/hashicorp/aws\"]","instances":[{"schema_version":0,"attributes":{"arn":"arn:aws:elasticloadbalancing:sa-east-1:965134913902:targetgroup/floragest-tg/330b029ce1ce3746","arn_suffix":"targetgroup/floragest-tg/330b029ce1ce3746","connection_termination":null,"deregistration_delay":"300","health_check":[{"enabled":true,"healthy_threshold":2,"interval":30,"matcher":"200","path":"/health","port":"traffic-port","protocol":"HTTP","timeout":5,"unhealthy_threshold":2}],"id":"arn:aws:elasticloadbalancing:sa-east-1:965134913902:targetgroup/floragest-tg/330b029ce1ce3746","ip_address_type":"ipv4","lambda_multi_value_headers_enabled":false,"load_balancer_arns":["arn:aws:elasticloadbalancing:sa-east-1:965134913902:loadbalancer/app/floragest-alb/8e8e31eb887ddb1b"],"load_balancing_algorithm_type":"round_robin","load_balancing_anomaly_mitigation":"off","load_balancing_cross_zone_enabled":"use_load_balancer_configuration","name":"floragest-tg","name_prefix":"","port":8000,"preserve_client_ip":null,"protocol":"HTTP","protocol_version":"HTTP1","proxy_protocol_v2":false,"slow_start":0,"stickiness":[{"cookie_duration":86400,"cookie_name":"","enabled":false,"type":"lb_cookie"}],"tags":{"Name":"floragest-tg"},"tags_all":{"Name":"floragest-tg"},"target_failover":[{"on_deregistration":null,"on_unhealthy":null}],"target_group_health":[{"dns_failover":[{"minimum_healthy_targets_count":"1","minimum_healthy_targets_percentage":"off"}],"unhealthy_state_routing":[{"minimum_healthy_targets_count":1,"minimum_healthy_targets_percentage":"off"}]}],"target_health_state":[{"enable_unhealthy_connection_termination":null,"unhealthy_draining_interval":null}],"target_type":"ip","vpc_id":"vpc-0ff50e79be3615799"},"sensitive_attributes":[],"private":"bnVsbA==","dependencies":["aws_vpc.floragest_vpc"]}]},{"mode":"managed","type":"aws_route_table","name":"floragest_rt","provider":"provider[\"registry.opentofu.org/hashicorp/aws\"]","instances":[{"schema_version":0,"attributes":{"arn":"arn:aws:ec2:sa-east-1:965134913902:route-table/rtb-06e821f629bf5d51c","id":"rtb-06e821f629bf5d51c","owner_id":"965134913902","propagating_vgws":[],"route":[{"carrier_gateway_id":"","cidr_block":"0.0.0.0/0","core_network_arn":"","destination_prefix_list_id":"","egress_only_gateway_id":"","gateway_id":"igw-0fbb04cb0d3106751","ipv6_cidr_block":"","local_gateway_id":"","nat_gateway_id":"","network_interface_id":"","transit_gateway_id":"","vpc_endpoint_id":"","vpc_peering_connection_id":""}],"tags":{"Name":"floragest-rt"},"tags_all":{"Name":"floragest-rt"},"timeouts":null,"vpc_id":"vpc-0ff50e79be3615799"},"sensitive_attributes":[],"private":"eyJlMmJmYjczMC1lY2FhLTExZTYtOGY4OC0zNDM2M2JjN2M0YzAiOnsiY3JlYXRlIjozMDAwMDAwMDAwMDAsImRlbGV0ZSI6MzAwMDAwMDAwMDAwLCJ1cGRhdGUiOjEyMDAwMDAwMDAwMH19","dependencies":["aws_internet_gateway.floragest_igw","aws_vpc.floragest_vpc"]}]},{"mode":"managed","type":"aws_route_table_association","name":"floragest_rta_1","provider":"provider[\"registry.opentofu.org/hashicorp/aws\"]","instances":[{"schema_version":0,"attributes":{"gateway_id":"","id":"rtbassoc-04542574783985b79","route_table_id":"rtb-06e821f629bf5d51c","subnet_id":"subnet-080aa9b97edc62e3f","timeouts":null},"sensitive_attributes":[],"private":"eyJlMmJmYjczMC1lY2FhLTExZTYtOGY4OC0zNDM2M2JjN2M0YzAiOnsiY3JlYXRlIjozMDAwMDAwMDAwMDAsImRlbGV0ZSI6MzAwMDAwMDAwMDAwLCJ1cGRhdGUiOjEyMDAwMDAwMDAwMH19","dependencies":["aws_internet_gateway.floragest_igw","aws_route_table.floragest_rt","aws_subnet.floragest_subnet_1","aws_vpc.floragest_vpc","data.aws_availability_zones.available"]}]},{"mode":"managed","type":"aws_route_table_association","name":"floragest_rta_2","provider":"provider[\"registry.opentofu.org/hashicorp/aws\"]","instances":[{"schema_version":0,"attributes":{"gateway_id":"","id":"rtbassoc-0bc0de3508b94cf2f","route_table_id":"rtb-06e821f629bf5d51c","subnet_id":"subnet-030a1ed1da0e20b75","timeouts":null},"sensitive_attributes":[],"private":"eyJlMmJmYjczMC1lY2FhLTExZTYtOGY4OC0zNDM2M2JjN2M0YzAiOnsiY3JlYXRlIjozMDAwMDAwMDAwMDAsImRlbGV0ZSI6MzAwMDAwMDAwMDAwLCJ1cGRhdGUiOjEyMDAwMDAwMDAwMH19","dependencies":["aws_internet_gateway.floragest_igw","aws_route_table.floragest_rt","aws_subnet.floragest_subnet_2","aws_vpc.floragest_vpc","data.aws_availability_zones.available"]}]},{"mode":"managed","type":"aws_secretsmanager_secret","name":"db_cred_app","provider":"provider[\"registry.opentofu.org/hashicorp/aws\"]","instances":[{"schema_version":0,"attributes":{"arn":"arn:aws:secretsmanager:sa-east-1:965134913902:secret:floragest/db/app-sa-east-1-JVRUrS","description":"","force_overwrite_replica_secret":false,"id":"arn:aws:secretsmanager:sa-east-1:965134913902:secret:floragest/db/app-sa-east-1-JVRUrS","kms_key_id":"","name":"floragest/db/app-sa-east-1","name_prefix":"","policy":"","recovery_window_in_days":30,"replica":[],"tags":{"Region":"sa-east-1"},"tags_all":{"Region":"sa-east-1"}},"sensitive_attributes":[],"private":"bnVsbA=="}]},{"mode":"managed","type":"aws_secretsmanager_secret","name":"db_cred_master","provider":"provider[\"registry.opentofu.org/hashicorp/aws\"]","instances":[{"schema_version":0,"attributes":{"arn":"arn:aws:secretsmanager:sa-east-1:965134913902:secret:floragest/db/master-sa-east-1-pt7asd","description":"","force_overwrite_replica_secret":false,"id":"floragest/db/master-sa-east-1","kms_key_id":"","name":"floragest/db/master-sa-east-1","name_prefix":"","policy":"","recovery_window_in_days":30,"replica":[],"tags":{"Region":"sa-east-1"},"tags_all":{"Region":"sa-east-1"}},"sensitive_attributes":[],"private":"bnVsbA=="}]},{"mode":"managed","type":"aws_secretsmanager_secret_version","name":"db_cred_app","provider":"provider[\"registry.opentofu.org/hashicorp/aws\"]","instances":[{"schema_version":0,"attributes":{"arn":"arn:aws:secretsmanager:sa-east-1:965134913902:secret:floragest/db/app-sa-east-1-JVRUrS","has_secret_string_wo":null,"id":"arn:aws:secretsmanager:sa-east-1:965134913902:secret:floragest/db/app-sa-east-1-JVRUrS|terraform-20250713223451024600000002","secret_binary":"","secret_id":"arn:aws:secretsmanager:sa-east-1:965134913902:secret:floragest/db/app-sa-east-1-JVRUrS","secret_string":"{\"dbname\":\"floragest\",\"endpoint\":\"floragest-postgres.cg0xm64hbsqi.sa-east-1.rds.amazonaws.com\",\"password\":\"backend-jera\",\"port\":5432,\"username\":\"floragest_app\"}","secret_string_wo":null,"secret_string_wo_version":null,"version_id":"terraform-20250713223451024600000002","version_stages":["AWSCURRENT"]},"sensitive_attributes":[[{"type":"get_attr","value":"secret_string"}],[{"type":"get_attr","value":"secret_binary"}],[{"type":"get_attr","value":"secret_string_wo"}]],"private":"bnVsbA==","dependencies":["aws_db_instance.floragest_postgres","aws_db_subnet_group.floragest_db_subnet_group","aws_secretsmanager_secret.db_cred_app","aws_security_group.floragest_rds_sg","aws_subnet.floragest_subnet_1","aws_subnet.floragest_subnet_2","aws_vpc.floragest_vpc","data.aws_availability_zones.available","random_password.master_password"]}]},{"mode":"managed","type":"aws_secretsmanager_secret_version","name":"db_cred_master","provider":"provider[\"registry.opentofu.org/hashicorp/aws\"]","instances":[{"schema_version":0,"attributes":{"arn":"arn:aws:secretsmanager:sa-east-1:965134913902:secret:floragest/db/master-sa-east-1-pt7asd","has_secret_string_wo":null,"id":"floragest/db/master-sa-east-1|terraform-20250713223451010600000001","secret_binary":"","secret_id":"floragest/db/master-sa-east-1","secret_string":"{\"dbname\":\"floragest\",\"endpoint\":\"floragest-postgres.cg0xm64hbsqi.sa-east-1.rds.amazonaws.com\",\"password\":\"YPNtei\\u003ce]g#x(2Xs\",\"port\":5432,\"username\":\"floragest_master\"}","secret_string_wo":null,"secret_string_wo_version":null,"version_id":"terraform-20250713223451010600000001","version_stages":["AWSCURRENT"]},"sensitive_attributes":[[{"type":"get_attr","value":"secret_binary"}],[{"type":"get_attr","value":"secret_string"}],[{"type":"get_attr","value":"secret_string_wo"}]],"private":"bnVsbA==","dependencies":["aws_db_instance.floragest_postgres","aws_db_subnet_group.floragest_db_subnet_group","aws_secretsmanager_secret.db_cred_master","aws_security_group.floragest_rds_sg","aws_subnet.floragest_subnet_1","aws_subnet.floragest_subnet_2","aws_vpc.floragest_vpc","data.aws_availability_zones.available","random_password.master_password"]}]},{"mode":"managed","type":"aws_security_group","name":"floragest_alb_sg","provider":"provider[\"registry.opentofu.org/hashicorp/aws\"]","instances":[{"schema_version":1,"attributes":{"arn":"arn:aws:ec2:sa-east-1:965134913902:security-group/sg-0e0fbc94e1bb28b6a","description":"Managed by Terraform","egress":[{"cidr_blocks":["0.0.0.0/0"],"description":"","from_port":0,"ipv6_cidr_blocks":[],"prefix_list_ids":[],"protocol":"-1","security_groups":[],"self":false,"to_port":0}],"id":"sg-0e0fbc94e1bb28b6a","ingress":[{"cidr_blocks":["0.0.0.0/0"],"description":"","from_port":443,"ipv6_cidr_blocks":[],"prefix_list_ids":[],"protocol":"tcp","security_groups":[],"self":false,"to_port":443},{"cidr_blocks":["0.0.0.0/0"],"description":"","from_port":80,"ipv6_cidr_blocks":[],"prefix_list_ids":[],"protocol":"tcp","security_groups":[],"self":false,"to_port":80}],"name":"floragest-alb-20250713203511436300000001","name_prefix":"floragest-alb-","owner_id":"965134913902","revoke_rules_on_delete":false,"tags":{"Name":"floragest-alb-sg"},"tags_all":{"Name":"floragest-alb-sg"},"timeouts":null,"vpc_id":"vpc-0ff50e79be3615799"},"sensitive_attributes":[],"private":"eyJlMmJmYjczMC1lY2FhLTExZTYtOGY4OC0zNDM2M2JjN2M0YzAiOnsiY3JlYXRlIjo2MDAwMDAwMDAwMDAsImRlbGV0ZSI6OTAwMDAwMDAwMDAwfSwic2NoZW1hX3ZlcnNpb24iOiIxIn0=","dependencies":["aws_vpc.floragest_vpc"]}]},{"mode":"managed","type":"aws_security_group","name":"floragest_ecs_sg","provider":"provider[\"registry.opentofu.org/hashicorp/aws\"]","instances":[{"schema_version":1,"attributes":{"arn":"arn:aws:ec2:sa-east-1:965134913902:security-group/sg-0d51c4b344e60d768","description":"Managed by Terraform","egress":[{"cidr_blocks":["0.0.0.0/0"],"description":"","from_port":0,"ipv6_cidr_blocks":[],"prefix_list_ids":[],"protocol":"-1","security_groups":[],"self":false,"to_port":0}],"id":"sg-0d51c4b344e60d768","ingress":[{"cidr_blocks":[],"description":"","from_port":8000,"ipv6_cidr_blocks":[],"prefix_list_ids":[],"protocol":"tcp","security_groups":["sg-0e0fbc94e1bb28b6a"],"self":false,"to_port":8000}],"name":"floragest-ecs-20250713203513804800000002","name_prefix":"floragest-ecs-","owner_id":"965134913902","revoke_rules_on_delete":false,"tags":{"Name":"floragest-ecs-sg"},"tags_all":{"Name":"floragest-ecs-sg"},"timeouts":null,"vpc_id":"vpc-0ff50e79be3615799"},"sensitive_attributes":[],"private":"eyJlMmJmYjczMC1lY2FhLTExZTYtOGY4OC0zNDM2M2JjN2M0YzAiOnsiY3JlYXRlIjo2MDAwMDAwMDAwMDAsImRlbGV0ZSI6OTAwMDAwMDAwMDAwfSwic2NoZW1hX3ZlcnNpb24iOiIxIn0=","dependencies":["aws_security_group.floragest_alb_sg","aws_vpc.floragest_vpc"]}]},{"mode":"managed","type":"aws_security_group","name":"floragest_frontend_alb_sg","provider":"provider[\"registry.opentofu.org/hashicorp/aws\"]","instances":[{"schema_version":1,"attributes":{"arn":"arn:aws:ec2:sa-east-1:965134913902:security-group/sg-0294675bd86d699af","description":"Managed by Terraform","egress":[{"cidr_blocks":["0.0.0.0/0"],"description":"","from_port":0,"ipv6_cidr_blocks":[],"prefix_list_ids":[],"protocol":"-1","security_groups":[],"self":false,"to_port":0}],"id":"sg-0294675bd86d699af","ingress":[{"cidr_blocks":["0.0.0.0/0"],"description":"","from_port":443,"ipv6_cidr_blocks":[],"prefix_list_ids":[],"protocol":"tcp","security_groups":[],"self":false,"to_port":443},{"cidr_blocks":["0.0.0.0/0"],"description":"","from_port":80,"ipv6_cidr_blocks":[],"prefix_list_ids":[],"protocol":"tcp","security_groups":[],"self":false,"to_port":80}],"name":"floragest-frontend-alb-20250714033649489900000002","name_prefix":"floragest-frontend-alb-","owner_id":"965134913902","revoke_rules_on_delete":false,"tags":{"Name":"floragest-frontend-alb-sg"},"tags_all":{"Name":"floragest-frontend-alb-sg"},"timeouts":null,"vpc_id":"vpc-0ff50e79be3615799"},"sensitive_attributes":[],"private":"eyJlMmJmYjczMC1lY2FhLTExZTYtOGY4OC0zNDM2M2JjN2M0YzAiOnsiY3JlYXRlIjo2MDAwMDAwMDAwMDAsImRlbGV0ZSI6OTAwMDAwMDAwMDAwfSwic2NoZW1hX3ZlcnNpb24iOiIxIn0=","dependencies":["aws_vpc.floragest_vpc"]}]},{"mode":"managed","type":"aws_security_group","name":"floragest_frontend_ecs_sg","provider":"provider[\"registry.opentofu.org/hashicorp/aws\"]","instances":[{"schema_version":1,"attributes":{"arn":"arn:aws:ec2:sa-east-1:965134913902:security-group/sg-0dcc29ff8ec0c6a38","description":"Managed by Terraform","egress":[{"cidr_blocks":["0.0.0.0/0"],"description":"","from_port":0,"ipv6_cidr_blocks":[],"prefix_list_ids":[],"protocol":"-1","security_groups":[],"self":false,"to_port":0}],"id":"sg-0dcc29ff8ec0c6a38","ingress":[{"cidr_blocks":[],"description":"","from_port":80,"ipv6_cidr_blocks":[],"prefix_list_ids":[],"protocol":"tcp","security_groups":["sg-0294675bd86d699af"],"self":false,"to_port":80}],"name":"floragest-frontend-ecs-20250714033651862400000003","name_prefix":"floragest-frontend-ecs-","owner_id":"965134913902","revoke_rules_on_delete":false,"tags":{"Name":"floragest-frontend-ecs-sg"},"tags_all":{"Name":"floragest-frontend-ecs-sg"},"timeouts":null,"vpc_id":"vpc-0ff50e79be3615799"},"sensitive_attributes":[],"private":"eyJlMmJmYjczMC1lY2FhLTExZTYtOGY4OC0zNDM2M2JjN2M0YzAiOnsiY3JlYXRlIjo2MDAwMDAwMDAwMDAsImRlbGV0ZSI6OTAwMDAwMDAwMDAwfSwic2NoZW1hX3ZlcnNpb24iOiIxIn0=","dependencies":["aws_security_group.floragest_frontend_alb_sg","aws_vpc.floragest_vpc"]}]},{"mode":"managed","type":"aws_security_group","name":"floragest_rds_sg","provider":"provider[\"registry.opentofu.org/hashicorp/aws\"]","instances":[{"schema_version":1,"attributes":{"arn":"arn:aws:ec2:sa-east-1:965134913902:security-group/sg-0a001ebededc242a2","description":"Managed by Terraform","egress":[{"cidr_blocks":["0.0.0.0/0"],"description":"","from_port":0,"ipv6_cidr_blocks":[],"prefix_list_ids":[],"protocol":"-1","security_groups":[],"self":false,"to_port":0}],"id":"sg-0a001ebededc242a2","ingress":[{"cidr_blocks":["0.0.0.0/0"],"description":"","from_port":5432,"ipv6_cidr_blocks":[],"prefix_list_ids":[],"protocol":"tcp","security_groups":[],"self":false,"to_port":5432}],"name":"floragest-rds-20250713040341508000000003","name_prefix":"floragest-rds-","owner_id":"965134913902","revoke_rules_on_delete":false,"tags":{"Name":"floragest-rds-sg"},"tags_all":{"Name":"floragest-rds-sg"},"timeouts":null,"vpc_id":"vpc-0ff50e79be3615799"},"sensitive_attributes":[],"private":"eyJlMmJmYjczMC1lY2FhLTExZTYtOGY4OC0zNDM2M2JjN2M0YzAiOnsiY3JlYXRlIjo2MDAwMDAwMDAwMDAsImRlbGV0ZSI6OTAwMDAwMDAwMDAwfSwic2NoZW1hX3ZlcnNpb24iOiIxIn0=","dependencies":["aws_vpc.floragest_vpc"]}]},{"mode":"managed","type":"aws_subnet","name":"floragest_subnet_1","provider":"provider[\"registry.opentofu.org/hashicorp/aws\"]","instances":[{"schema_version":1,"attributes":{"arn":"arn:aws:ec2:sa-east-1:965134913902:subnet/subnet-080aa9b97edc62e3f","assign_ipv6_address_on_creation":false,"availability_zone":"sa-east-1a","availability_zone_id":"sae1-az1","cidr_block":"10.0.1.0/24","customer_owned_ipv4_pool":"","enable_dns64":false,"enable_lni_at_device_index":0,"enable_resource_name_dns_a_record_on_launch":false,"enable_resource_name_dns_aaaa_record_on_launch":false,"id":"subnet-080aa9b97edc62e3f","ipv6_cidr_block":"","ipv6_cidr_block_association_id":"","ipv6_native":false,"map_customer_owned_ip_on_launch":false,"map_public_ip_on_launch":false,"outpost_arn":"","owner_id":"965134913902","private_dns_hostname_type_on_launch":"ip-name","tags":{"Name":"floragest-subnet-1"},"tags_all":{"Name":"floragest-subnet-1"},"timeouts":null,"vpc_id":"vpc-0ff50e79be3615799"},"sensitive_attributes":[],"private":"eyJlMmJmYjczMC1lY2FhLTExZTYtOGY4OC0zNDM2M2JjN2M0YzAiOnsiY3JlYXRlIjo2MDAwMDAwMDAwMDAsImRlbGV0ZSI6MTIwMDAwMDAwMDAwMH0sInNjaGVtYV92ZXJzaW9uIjoiMSJ9","dependencies":["aws_vpc.floragest_vpc","data.aws_availability_zones.available"]}]},{"mode":"managed","type":"aws_subnet","name":"floragest_subnet_2","provider":"provider[\"registry.opentofu.org/hashicorp/aws\"]","instances":[{"schema_version":1,"attributes":{"arn":"arn:aws:ec2:sa-east-1:965134913902:subnet/subnet-030a1ed1da0e20b75","assign_ipv6_address_on_creation":false,"availability_zone":"sa-east-1b","availability_zone_id":"sae1-az2","cidr_block":"10.0.2.0/24","customer_owned_ipv4_pool":"","enable_dns64":false,"enable_lni_at_device_index":0,"enable_resource_name_dns_a_record_on_launch":false,"enable_resource_name_dns_aaaa_record_on_launch":false,"id":"subnet-030a1ed1da0e20b75","ipv6_cidr_block":"","ipv6_cidr_block_association_id":"","ipv6_native":false,"map_customer_owned_ip_on_launch":false,"map_public_ip_on_launch":false,"outpost_arn":"","owner_id":"965134913902","private_dns_hostname_type_on_launch":"ip-name","tags":{"Name":"floragest-subnet-2"},"tags_all":{"Name":"floragest-subnet-2"},"timeouts":null,"vpc_id":"vpc-0ff50e79be3615799"},"sensitive_attributes":[],"private":"eyJlMmJmYjczMC1lY2FhLTExZTYtOGY4OC0zNDM2M2JjN2M0YzAiOnsiY3JlYXRlIjo2MDAwMDAwMDAwMDAsImRlbGV0ZSI6MTIwMDAwMDAwMDAwMH0sInNjaGVtYV92ZXJzaW9uIjoiMSJ9","dependencies":["aws_vpc.floragest_vpc","data.aws_availability_zones.available"]}]},{"mode":"managed","type":"aws_vpc","name":"floragest_vpc","provider":"provider[\"registry.opentofu.org/hashicorp/aws\"]","instances":[{"schema_version":1,"attributes":{"arn":"arn:aws:ec2:sa-east-1:965134913902:vpc/vpc-0ff50e79be3615799","assign_generated_ipv6_cidr_block":false,"cidr_block":"10.0.0.0/16","default_network_acl_id":"acl-06d46cebc82de4576","default_route_table_id":"rtb-055eefec595e8c6e9","default_security_group_id":"sg-0b156ef34d9ae2ee5","dhcp_options_id":"dopt-04d0563d492853266","enable_dns_hostnames":true,"enable_dns_support":true,"enable_network_address_usage_metrics":false,"id":"vpc-0ff50e79be3615799","instance_tenancy":"default","ipv4_ipam_pool_id":null,"ipv4_netmask_length":null,"ipv6_association_id":"","ipv6_cidr_block":"","ipv6_cidr_block_network_border_group":"","ipv6_ipam_pool_id":"","ipv6_netmask_length":0,"main_route_table_id":"rtb-055eefec595e8c6e9","owner_id":"965134913902","tags":{"Name":"floragest-vpc"},"tags_all":{"Name":"floragest-vpc"}},"sensitive_attributes":[],"private":"eyJzY2hlbWFfdmVyc2lvbiI6IjEifQ=="}]},{"mode":"managed","type":"cloudflare_record","name":"cert_validation_record","provider":"provider[\"registry.opentofu.org/cloudflare/cloudflare\"]","instances":[{"index_key":"api.floragest.liander.dev","schema_version":3,"attributes":{"allow_overwrite":false,"comment":"","content":"_53f3b1adee9c6eb0040271e66e825792.xlfgrmvvlj.acm-validations.aws","created_on":"2025-07-14T00:06:52.391847Z","data":[],"hostname":"_a3a6d7743233bdd72d6fc81a1f416337.api.floragest.liander.dev","id":"8a564693c2a9d58b77a064b3d124886e","metadata":{},"modified_on":"2025-07-14T03:36:50.325153Z","name":"_a3a6d7743233bdd72d6fc81a1f416337.api.floragest.liander.dev.","priority":null,"proxiable":false,"proxied":false,"tags":[],"timeouts":null,"ttl":60,"type":"CNAME","value":"_53f3b1adee9c6eb0040271e66e825792.xlfgrmvvlj.acm-validations.aws","zone_id":"3bc45b15e27984c61cbb4ee52249e124"},"sensitive_attributes":[],"private":"eyJlMmJmYjczMC1lY2FhLTExZTYtOGY4OC0zNDM2M2JjN2M0YzAiOnsiY3JlYXRlIjozMDAwMDAwMDAwMCwidXBkYXRlIjozMDAwMDAwMDAwMH0sInNjaGVtYV92ZXJzaW9uIjoiMyJ9","dependencies":["aws_acm_certificate.cert","data.cloudflare_zone.domain"]}]},{"mode":"managed","type":"cloudflare_record","name":"frontend_cert_validation_record","provider":"provider[\"registry.opentofu.org/cloudflare/cloudflare\"]","instances":[{"index_key":"floragest.liander.dev","schema_version":3,"attributes":{"allow_overwrite":false,"comment":"","content":"_d33854c2c869c52953864c7beb72fe46.xlfgrmvvlj.acm-validations.aws","created_on":"2025-07-14T03:36:55.882286Z","data":[],"hostname":"_f8e2b29c41f1fd25c063859a6ab667bd.floragest.liander.dev","id":"921833040f3296f3703bf6d69869134e","metadata":{},"modified_on":"2025-07-14T03:36:55.882286Z","name":"_f8e2b29c41f1fd25c063859a6ab667bd.floragest.liander.dev.","priority":null,"proxiable":false,"proxied":false,"tags":null,"timeouts":null,"ttl":60,"type":"CNAME","value":null,"zone_id":"3bc45b15e27984c61cbb4ee52249e124"},"sensitive_attributes":[],"private":"eyJlMmJmYjczMC1lY2FhLTExZTYtOGY4OC0zNDM2M2JjN2M0YzAiOnsiY3JlYXRlIjozMDAwMDAwMDAwMCwidXBkYXRlIjozMDAwMDAwMDAwMH0sInNjaGVtYV92ZXJzaW9uIjoiMyJ9","dependencies":["aws_acm_certificate.frontend_cert","data.cloudflare_zone.domain"]}]},{"mode":"managed","type":"cloudflare_record","name":"frontend_dns","provider":"provider[\"registry.opentofu.org/cloudflare/cloudflare\"]","instances":[{"schema_version":3,"attributes":{"allow_overwrite":false,"comment":"","content":"floragest-frontend-alb-1590008570.sa-east-1.elb.amazonaws.com","created_on":"2025-07-14T03:39:44.838759Z","data":[],"hostname":"floragest.liander.dev","id":"f91b6562fd9b2bbe2c8ef126e904430c","metadata":{},"modified_on":"2025-07-14T03:39:44.838759Z","name":"floragest.liander.dev","priority":null,"proxiable":true,"proxied":false,"tags":null,"timeouts":null,"ttl":300,"type":"CNAME","value":null,"zone_id":"3bc45b15e27984c61cbb4ee52249e124"},"sensitive_attributes":[],"private":"eyJlMmJmYjczMC1lY2FhLTExZTYtOGY4OC0zNDM2M2JjN2M0YzAiOnsiY3JlYXRlIjozMDAwMDAwMDAwMCwidXBkYXRlIjozMDAwMDAwMDAwMH0sInNjaGVtYV92ZXJzaW9uIjoiMyJ9","dependencies":["aws_lb.floragest_frontend_alb","aws_security_group.floragest_frontend_alb_sg","aws_subnet.floragest_subnet_1","aws_subnet.floragest_subnet_2","aws_vpc.floragest_vpc","data.aws_availability_zones.available","data.cloudflare_zone.domain"]}]},{"mode":"managed","type":"random_password","name":"app_user_password","provider":"provider[\"registry.opentofu.org/hashicorp/random\"]","instances":[{"schema_version":3,"attributes":{"bcrypt_hash":"$2a$10$HmUfgNSicVq36iwOL9iYVuROc6Iv6rLreyDKSOR.JoWzH4/pxx.mK","id":"none","keepers":null,"length":16,"lower":true,"min_lower":0,"min_numeric":0,"min_special":1,"min_upper":0,"number":true,"numeric":true,"override_special":"!#$%\u0026'()*+,-.:;\u003c=\u003e?[\\]^_`{|}~","result":"VRtZ9Z1a;\\5)*AQz","special":true,"upper":true},"sensitive_attributes":[[{"type":"get_attr","value":"bcrypt_hash"}],[{"type":"get_attr","value":"result"}]]}]},{"mode":"managed","type":"random_password","name":"master_password","provider":"provider[\"registry.opentofu.org/hashicorp/random\"]","instances":[{"schema_version":3,"attributes":{"bcrypt_hash":"$2a$10$k5yIfeTszrqKrvtFm.drDext/iAeS7RG/OokaHVGFpu7A4hK1Wpcy","id":"none","keepers":null,"length":16,"lower":true,"min_lower":0,"min_numeric":0,"min_special":1,"min_upper":0,"number":true,"numeric":true,"override_special":"!#$%\u0026'()*+,-.:;\u003c=\u003e?[\\]^_`{|}~","result":"YPNtei\u003ce]g#x(2Xs","special":true,"upper":true},"sensitive_attributes":[[{"type":"get_attr","value":"result"}],[{"type":"get_attr","value":"bcrypt_hash"}]]}]}],"check_results":null}
